
Microsoft Visual Studio Solution File, Format Version 12.00
# Visual Studio Version 17
VisualStudioVersion = 17.0.31903.59
MinimumVisualStudioVersion = 10.0.40219.1
Project("{FAE04EC0-301F-11D3-BF4B-00C04F79EFBC}") = "AccraCityApi.Contracts", "AccraCityApi.Contracts\AccraCityApi.Contracts.csproj", "{B8D9F013-0BB9-40CD-92FC-0A071AD80C3B}"
EndProject
Project("{FAE04EC0-301F-11D3-BF4B-00C04F79EFBC}") = "AccraCityApi", "AccraCityApi\AccraCityApi.csproj", "{1C35B840-B613-4FD7-BC77-F3B8F4009D1C}"
EndProject
Global
	GlobalSection(SolutionConfigurationPlatforms) = preSolution
		Debug|Any CPU = Debug|Any CPU
		Release|Any CPU = Release|Any CPU
	EndGlobalSection
	GlobalSection(SolutionProperties) = preSolution
		HideSolutionNode = FALSE
	EndGlobalSection
	GlobalSection(ProjectConfigurationPlatforms) = postSolution
		{B8D9F013-0BB9-40CD-92FC-0A071AD80C3B}.Debug|Any CPU.ActiveCfg = Debug|Any CPU
		{B8D9F013-0BB9-40CD-92FC-0A071AD80C3B}.Debug|Any CPU.Build.0 = Debug|Any CPU
		{B8D9F013-0BB9-40CD-92FC-0A071AD80C3B}.Release|Any CPU.ActiveCfg = Release|Any CPU
		{B8D9F013-0BB9-40CD-92FC-0A071AD80C3B}.Release|Any CPU.Build.0 = Release|Any CPU
		{1C35B840-B613-4FD7-BC77-F3B8F4009D1C}.Debug|Any CPU.ActiveCfg = Debug|Any CPU
		{1C35B840-B613-4FD7-BC77-F3B8F4009D1C}.Debug|Any CPU.Build.0 = Debug|Any CPU
		{1C35B840-B613-4FD7-BC77-F3B8F4009D1C}.Release|Any CPU.ActiveCfg = Release|Any CPU
		{1C35B840-B613-4FD7-BC77-F3B8F4009D1C}.Release|Any CPU.Build.0 = Release|Any CPU
	EndGlobalSection
EndGlobal
